{
  "name": "react-fastapi-app",
  "lockfileVersion": 3,
  "requires": true,
  "packages": {
    "": {
      "dependencies": {
        "@fontsource/material-icons": "^5.2.5"
      }
    },
    "node_modules/@fontsource/material-icons": {
      "version": "5.2.5",
      "resolved": "https://registry.npmjs.org/@fontsource/material-icons/-/material-icons-5.2.5.tgz",
      "integrity": "sha512-9k0LBRVgResIeD+vC/epYmm/awN2k2L8twwEtUWQ3FHluMi+7PbISOpXqksvfqPn9FJy4/KEeWOhFTR/SrbhNw==",
      "funding": {
        "url": "https://github.com/sponsors/ayuhito"
      }
    }
  }
}
